
Microsoft Visual Studio Solution File, Format Version 12.00
Project("{8BC9CEB8-8B4A-11D0-8D11-00A0C91BC942}") = "Practice", "Practice\Practice.vcxproj", "{4715E69C-E6FD-4F6A-9F72-10E625411BE0}"
EndProject
Global
	GlobalSection(SolutionConfigurationPlatforms) = preSolution
		Debug|x64 = Debug|x64
		Release|x64 = Release|x64
	EndGlobalSection
	GlobalSection(ProjectConfigurationPlatforms) = postSolution
		{4715E69C-E6FD-4F6A-9F72-10E625411BE0}.Debug|x64.ActiveCfg = Debug|x64
		{4715E69C-E6FD-4F6A-9F72-10E625411BE0}.Debug|x64.Build.0 = Debug|x64
		{4715E69C-E6FD-4F6A-9F72-10E625411BE0}.Release|x64.ActiveCfg = Release|x64
		{4715E69C-E6FD-4F6A-9F72-10E625411BE0}.Release|x64.Build.0 = Release|x64
	EndGlobalSection
EndGlobal
